github.com/gookit/filter v1.2.2 h1:LSBQLk4M4fpfhaOG0hJ/GJ+qu+2+lLddgxlGfzcd8VQ=
github.com/gookit/filter v1.2.2/go.mod h1:y4xpiqM/fV9g9yT/Vg5OWUq4q9siPj0UlH9O57xYuGs=
github.com/gookit/goutil v0.6.18 h1:MUVj0G16flubWT8zYVicIuisUiHdgirPAkmnfD2kKgw=
github.com/gookit/goutil v0.6.18/go.mod h1:AY/5sAwKe7Xck+mEbuxj0n/bc3qwrGNe3Oeulln7zBA=
github.com/gookit/validate v1.5.4 h1:nwBo6vULnVUeNFCOde6RKFRbOCKJXVMnWR0ghedacLg=
github.com/gookit/validate v1.5.4/go.mod h1:p9sRPfpvYB4vXICBpEPzv8FoAky+XhUOhWQghgmmat4=
golang.org/x/text v0.21.0 h1:zyQAAkrwaneQ066sspRyJaG9VNi/YJ1NfzcGB3hZ/qo=
golang.org/x/text v0.21.0/go.mod h1:4IBbMaMmOPCJ8SecivzSH54+73PCFmPWxNTLm+vZkEQ=
